
Microsoft Visual Studio Solution File, Format Version 12.00
# Visual Studio Version 17
VisualStudioVersion = 17.6.33723.286
MinimumVisualStudioVersion = 10.0.40219.1
Project("{FAE04EC0-301F-11D3-BF4B-00C04F79EFBC}") = "ClassLecture", "ClassLecture\ClassLecture.csproj", "{E964B68F-0997-4866-B2FD-E9E9A782E508}"
EndProject
Global
	GlobalSection(SolutionConfigurationPlatforms) = preSolution
		Debug|Any CPU = Debug|Any CPU
		Release|Any CPU = Release|Any CPU
	EndGlobalSection
	GlobalSection(ProjectConfigurationPlatforms) = postSolution
		{E964B68F-0997-4866-B2FD-E9E9A782E508}.Debug|Any CPU.ActiveCfg = Debug|Any CPU
		{E964B68F-0997-4866-B2FD-E9E9A782E508}.Debug|Any CPU.Build.0 = Debug|Any CPU
		{E964B68F-0997-4866-B2FD-E9E9A782E508}.Release|Any CPU.ActiveCfg = Release|Any CPU
		{E964B68F-0997-4866-B2FD-E9E9A782E508}.Release|Any CPU.Build.0 = Release|Any CPU
	EndGlobalSection
	GlobalSection(SolutionProperties) = preSolution
		HideSolutionNode = FALSE
	EndGlobalSection
	GlobalSection(ExtensibilityGlobals) = postSolution
		SolutionGuid = {414674E3-E923-4747-A44C-27CBAFF65903}
	EndGlobalSection
EndGlobal
